// !$*UTF8*$!
{
	archiveVersion = 1;
	classes = {
	};
	objectVersion = 46;
	objects = {

/* Begin PBXBuildFile section */
		4C1726B41A46D5670011CD0A /* AppDelegate.swift in Sources */ = {isa = PBXBuildFile; fileRef = 4C1726B31A46D5670011CD0A /* AppDelegate.swift */; };
		4C1726B61A46D5670011CD0A /* ViewController.swift in Sources */ = {isa = PBXBuildFile; fileRef = 4C1726B51A46D5670011CD0A /* ViewController.swift */; };
		4C1726B91A46D5670011CD0A /* Main.storyboard in Resources */ = {isa = PBXBuildFile; fileRef = 4C1726B71A46D5670011CD0A /* Main.storyboard */; };
		4C1726BB1A46D5670011CD0A /* Images.xcassets in Resources */ = {isa = PBXBuildFile; fileRef = 4C1726BA1A46D5670011CD0A /* Images.xcassets */; };
		4C1726BE1A46D5670011CD0A /* LaunchScreen.xib in Resources */ = {isa = PBXBuildFile; fileRef = 4C1726BC1A46D5670011CD0A /* LaunchScreen.xib */; };
		4C1726CA1A46D5670011CD0A /* swiftsnippetsTests.swift in Sources */ = {isa = PBXBuildFile; fileRef = 4C1726C91A46D5670011CD0A /* swiftsnippetsTests.swift */; };
		4C1726D61A46D5A60011CD0A /* bubblesort.swift in Sources */ = {isa = PBXBuildFile; fileRef = 4C1726D51A46D5A60011CD0A /* bubblesort.swift */; };
		4C4C2D9A1A4790BE0030C13F /* Collatz.swift in Sources */ = {isa = PBXBuildFile; fileRef = 4C4C2D991A4790BE0030C13F /* Collatz.swift */; };
		4C4C2D9C1A479CE90030C13F /* ChangeReturn.swift in Sources */ = {isa = PBXBuildFile; fileRef = 4C4C2D9B1A479CE90030C13F /* ChangeReturn.swift */; };
		4C6E730A1A477545009DF8DE /* converter.swift in Sources */ = {isa = PBXBuildFile; fileRef = 4C6E73091A477545009DF8DE /* converter.swift */; };
		4CDBC3E91A4E42960051198B /* WordCounter.swift in Sources */ = {isa = PBXBuildFile; fileRef = 4CDBC3E81A4E42960051198B /* WordCounter.swift */; };
		4CDBC3EB1A4EC5370051198B /* nexPrime.swift in Sources */ = {isa = PBXBuildFile; fileRef = 4CDBC3EA1A4EC5370051198B /* nexPrime.swift */; };
		4CE6B1601A494D5D004D0B45 /* FactorialFinder.swift in Sources */ = {isa = PBXBuildFile; fileRef = 4CE6B15F1A494D5D004D0B45 /* FactorialFinder.swift */; };
		4CE6B1621A4AA4CD004D0B45 /* Fibonacci.swift in Sources */ = {isa = PBXBuildFile; fileRef = 4CE6B1611A4AA4CD004D0B45 /* Fibonacci.swift */; };
		4CE6B1661A4BC6DF004D0B45 /* Mergesort.swift in Sources */ = {isa = PBXBuildFile; fileRef = 4CE6B1651A4BC6DF004D0B45 /* Mergesort.swift */; };
		4CE6B1681A4CBF3E004D0B45 /* FindPi.swift in Sources */ = {isa = PBXBuildFile; fileRef = 4CE6B1671A4CBF3E004D0B45 /* FindPi.swift */; };
/* End PBXBuildFile section */

/* Begin PBXContainerItemProxy section */
		4C1726C41A46D5670011CD0A /* PBXContainerItemProxy */ = {
			isa = PBXContainerItemProxy;
			containerPortal = 4C1726A61A46D5660011CD0A /* Project object */;
			proxyType = 1;
			remoteGlobalIDString = 4C1726AD1A46D5660011CD0A;
			remoteInfo = swiftsnippets;
		};
/* End PBXContainerItemProxy section */

/* Begin PBXFileReference section */
		4C1726AE1A46D5660011CD0A /* swiftsnippets.app */ = {isa = PBXFileReference; explicitFileType = wrapper.application; includeInIndex = 0; path = swiftsnippets.app; sourceTree = BUILT_PRODUCTS_DIR; };
		4C1726B21A46D5670011CD0A /* Info.plist */ = {isa = PBXFileReference; lastKnownFileType = text.plist.xml; path = Info.plist; sourceTree = "<group>"; };
		4C1726B31A46D5670011CD0A /* AppDelegate.swift */ = {isa = PBXFileReference; lastKnownFileType = sourcecode.swift; path = AppDelegate.swift; sourceTree = "<group>"; };
		4C1726B51A46D5670011CD0A /* ViewController.swift */ = {isa = PBXFileReference; lastKnownFileType = sourcecode.swift; path = ViewController.swift; sourceTree = "<group>"; };
		4C1726B81A46D5670011CD0A /* Base */ = {isa = PBXFileReference; lastKnownFileType = file.storyboard; name = Base; path = Base.lproj/Main.storyboard; sourceTree = "<group>"; };
		4C1726BA1A46D5670011CD0A /* Images.xcassets */ = {isa = PBXFileReference; lastKnownFileType = folder.assetcatalog; path = Images.xcassets; sourceTree = "<group>"; };
		4C1726BD1A46D5670011CD0A /* Base */ = {isa = PBXFileReference; lastKnownFileType = file.xib; name = Base; path = Base.lproj/LaunchScreen.xib; sourceTree = "<group>"; };
		4C1726C31A46D5670011CD0A /* swiftsnippetsTests.xctest */ = {isa = PBXFileReference; explicitFileType = wrapper.cfbundle; includeInIndex = 0; path = swiftsnippetsTests.xctest; sourceTree = BUILT_PRODUCTS_DIR; };
		4C1726C81A46D5670011CD0A /* Info.plist */ = {isa = PBXFileReference; lastKnownFileType = text.plist.xml; path = Info.plist; sourceTree = "<group>"; };
		4C1726C91A46D5670011CD0A /* swiftsnippetsTests.swift */ = {isa = PBXFileReference; lastKnownFileType = sourcecode.swift; path = swiftsnippetsTests.swift; sourceTree = "<group>"; };
		4C1726D51A46D5A60011CD0A /* bubblesort.swift */ = {isa = PBXFileReference; fileEncoding = 4; lastKnownFileType = sourcecode.swift; path = bubblesort.swift; sourceTree = "<group>"; };
		4C4C2D991A4790BE0030C13F /* Collatz.swift */ = {isa = PBXFileReference; fileEncoding = 4; lastKnownFileType = sourcecode.swift; path = Collatz.swift; sourceTree = "<group>"; };
		4C4C2D9B1A479CE90030C13F /* ChangeReturn.swift */ = {isa = PBXFileReference; fileEncoding = 4; lastKnownFileType = sourcecode.swift; path = ChangeReturn.swift; sourceTree = "<group>"; };
		4C6E73091A477545009DF8DE /* converter.swift */ = {isa = PBXFileReference; fileEncoding = 4; lastKnownFileType = sourcecode.swift; path = converter.swift; sourceTree = "<group>"; };
		4CDBC3E81A4E42960051198B /* WordCounter.swift */ = {isa = PBXFileReference; fileEncoding = 4; lastKnownFileType = sourcecode.swift; path = WordCounter.swift; sourceTree = "<group>"; };
		4CDBC3EA1A4EC5370051198B /* nexPrime.swift */ = {isa = PBXFileReference; fileEncoding = 4; lastKnownFileType = sourcecode.swift; path = nexPrime.swift; sourceTree = "<group>"; };
		4CE6B15F1A494D5D004D0B45 /* FactorialFinder.swift */ = {isa = PBXFileReference; fileEncoding = 4; lastKnownFileType = sourcecode.swift; path = FactorialFinder.swift; sourceTree = "<group>"; };
		4CE6B1611A4AA4CD004D0B45 /* Fibonacci.swift */ = {isa = PBXFileReference; fileEncoding = 4; lastKnownFileType = sourcecode.swift; path = Fibonacci.swift; sourceTree = "<group>"; };
		4CE6B1651A4BC6DF004D0B45 /* Mergesort.swift */ = {isa = PBXFileReference; fileEncoding = 4; lastKnownFileType = sourcecode.swift; path = Mergesort.swift; sourceTree = "<group>"; };
		4CE6B1671A4CBF3E004D0B45 /* FindPi.swift */ = {isa = PBXFileReference; fileEncoding = 4; lastKnownFileType = sourcecode.swift; path = FindPi.swift; sourceTree = "<group>"; };
/* End PBXFileReference section */

/* Begin PBXFrameworksBuildPhase section */
		4C1726AB1A46D5660011CD0A /* Frameworks */ = {
			isa = PBXFrameworksBuildPhase;
			buildActionMask = 2147483647;
			files = (
			);
			runOnlyForDeploymentPostprocessing = 0;
		};
		4C1726C01A46D5670011CD0A /* Frameworks */ = {
			isa = PBXFrameworksBuildPhase;
			buildActionMask = 2147483647;
			files = (
			);
			runOnlyForDeploymentPostprocessing = 0;
		};
/* End PBXFrameworksBuildPhase section */

/* Begin PBXGroup section */
		4C1726A51A46D5660011CD0A = {
			isa = PBXGroup;
			children = (
				4C1726D51A46D5A60011CD0A /* bubblesort.swift */,
				4C4C2D991A4790BE0030C13F /* Collatz.swift */,
				4C4C2D9B1A479CE90030C13F /* ChangeReturn.swift */,
				4CE6B1671A4CBF3E004D0B45 /* FindPi.swift */,
				4CE6B1651A4BC6DF004D0B45 /* Mergesort.swift */,
				4CDBC3E81A4E42960051198B /* WordCounter.swift */,
				4CDBC3EA1A4EC5370051198B /* nexPrime.swift */,
				4CE6B15F1A494D5D004D0B45 /* FactorialFinder.swift */,
				4CE6B1611A4AA4CD004D0B45 /* Fibonacci.swift */,
				4C6E73091A477545009DF8DE /* converter.swift */,
				4C1726B01A46D5660011CD0A /* swiftsnippets */,
				4C1726C61A46D5670011CD0A /* swiftsnippetsTests */,
				4C1726AF1A46D5660011CD0A /* Products */,
			);
			sourceTree = "<group>";
		};
		4C1726AF1A46D5660011CD0A /* Products */ = {
			isa = PBXGroup;
			children = (
				4C1726AE1A46D5660011CD0A /* swiftsnippets.app */,
				4C1726C31A46D5670011CD0A /* swiftsnippetsTests.xctest */,
			);
			name = Products;
			sourceTree = "<group>";
		};
		4C1726B01A46D5660011CD0A /* swiftsnippets */ = {
			isa = PBXGroup;
			children = (
				4C1726B31A46D5670011CD0A /* AppDelegate.swift */,
				4C1726B51A46D5670011CD0A /* ViewController.swift */,
				4C1726B71A46D5670011CD0A /* Main.storyboard */,
				4C1726BA1A46D5670011CD0A /* Images.xcassets */,
				4C1726BC1A46D5670011CD0A /* LaunchScreen.xib */,
				4C1726B11A46D5660011CD0A /* Supporting Files */,
			);
			path = swiftsnippets;
			sourceTree = "<group>";
		};
		4C1726B11A46D5660011CD0A /* Supporting Files */ = {
			isa = PBXGroup;
			children = (
				4C1726B21A46D5670011CD0A /* Info.plist */,
			);
			name = "Supporting Files";
			sourceTree = "<group>";
		};
		4C1726C61A46D5670011CD0A /* swiftsnippetsTests */ = {
			isa = PBXGroup;
			children = (
				4C1726C91A46D5670011CD0A /* swiftsnippetsTests.swift */,
				4C1726C71A46D5670011CD0A /* Supporting Files */,
			);
			path = swiftsnippetsTests;
			sourceTree = "<group>";
		};
		4C1726C71A46D5670011CD0A /* Supporting Files */ = {
			isa = PBXGroup;
			children = (
				4C1726C81A46D5670011CD0A /* Info.plist */,
			);
			name = "Supporting Files";
			sourceTree = "<group>";
		};
/* End PBXGroup section */

/* Begin PBXNativeTarget section */
		4C1726AD1A46D5660011CD0A /* swiftsnippets */ = {
			isa = PBXNativeTarget;
			buildConfigurationList = 4C1726CD1A46D5670011CD0A /* Build configuration list for PBXNativeTarget "swiftsnippets" */;
			buildPhases = (
				4C1726AA1A46D5660011CD0A /* Sources */,
				4C1726AB1A46D5660011CD0A /* Frameworks */,
				4C1726AC1A46D5660011CD0A /* Resources */,
			);
			buildRules = (
			);
			dependencies = (
			);
			name = swiftsnippets;
			productName = swiftsnippets;
			productReference = 4C1726AE1A46D5660011CD0A /* swiftsnippets.app */;
			productType = "com.apple.product-type.application";
		};
		4C1726C21A46D5670011CD0A /* swiftsnippetsTests */ = {
			isa = PBXNativeTarget;
			buildConfigurationList = 4C1726D01A46D5670011CD0A /* Build configuration list for PBXNativeTarget "swiftsnippetsTests" */;
			buildPhases = (
				4C1726BF1A46D5670011CD0A /* Sources */,
				4C1726C01A46D5670011CD0A /* Frameworks */,
				4C1726C11A46D5670011CD0A /* Resources */,
			);
			buildRules = (
			);
			dependencies = (
				4C1726C51A46D5670011CD0A /* PBXTargetDependency */,
			);
			name = swiftsnippetsTests;
			productName = swiftsnippetsTests;
			productReference = 4C1726C31A46D5670011CD0A /* swiftsnippetsTests.xctest */;
			productType = "com.apple.product-type.bundle.unit-test";
		};
/* End PBXNativeTarget section */

/* Begin PBXProject section */
		4C1726A61A46D5660011CD0A /* Project object */ = {
			isa = PBXProject;
			attributes = {
				LastUpgradeCheck = 0610;
				ORGANIZATIONNAME = Royels;
				TargetAttributes = {
					4C1726AD1A46D5660011CD0A = {
						CreatedOnToolsVersion = 6.1.1;
					};
					4C1726C21A46D5670011CD0A = {
						CreatedOnToolsVersion = 6.1.1;
						TestTargetID = 4C1726AD1A46D5660011CD0A;
					};
				};
			};
			buildConfigurationList = 4C1726A91A46D5660011CD0A /* Build configuration list for PBXProject "swiftsnippets" */;
			compatibilityVersion = "Xcode 3.2";
			developmentRegion = English;
			hasScannedForEncodings = 0;
			knownRegions = (
				en,
				Base,
			);
			mainGroup = 4C1726A51A46D5660011CD0A;
			productRefGroup = 4C1726AF1A46D5660011CD0A /* Products */;
			projectDirPath = "";
			projectRoot = "";
			targets = (
				4C1726AD1A46D5660011CD0A /* swiftsnippets */,
				4C1726C21A46D5670011CD0A /* swiftsnippetsTests */,
			);
		};
/* End PBXProject section */

/* Begin PBXResourcesBuildPhase section */
		4C1726AC1A46D5660011CD0A /* Resources */ = {
			isa = PBXResourcesBuildPhase;
			buildActionMask = 2147483647;
			files = (
				4C1726B91A46D5670011CD0A /* Main.storyboard in Resources */,
				4C1726BE1A46D5670011CD0A /* LaunchScreen.xib in Resources */,
				4C1726BB1A46D5670011CD0A /* Images.xcassets in Resources */,
			);
			runOnlyForDeploymentPostprocessing = 0;
		};
		4C1726C11A46D5670011CD0A /* Resources */ = {
			isa = PBXResourcesBuildPhase;
			buildActionMask = 2147483647;
			files = (
			);
			runOnlyForDeploymentPostprocessing = 0;
		};
/* End PBXResourcesBuildPhase section */

/* Begin PBXSourcesBuildPhase section */
		4C1726AA1A46D5660011CD0A /* Sources */ = {
			isa = PBXSourcesBuildPhase;
			buildActionMask = 2147483647;
			files = (
				4CE6B1621A4AA4CD004D0B45 /* Fibonacci.swift in Sources */,
				4C1726B61A46D5670011CD0A /* ViewController.swift in Sources */,
				4CDBC3E91A4E42960051198B /* WordCounter.swift in Sources */,
				4C4C2D9C1A479CE90030C13F /* ChangeReturn.swift in Sources */,
				4CE6B1681A4CBF3E004D0B45 /* FindPi.swift in Sources */,
				4C4C2D9A1A4790BE0030C13F /* Collatz.swift in Sources */,
				4C1726B41A46D5670011CD0A /* AppDelegate.swift in Sources */,
				4CE6B1661A4BC6DF004D0B45 /* Mergesort.swift in Sources */,
				4CE6B1601A494D5D004D0B45 /* FactorialFinder.swift in Sources */,
				4CDBC3EB1A4EC5370051198B /* nexPrime.swift in Sources */,
				4C6E730A1A477545009DF8DE /* converter.swift in Sources */,
				4C1726D61A46D5A60011CD0A /* bubblesort.swift in Sources */,
			);
			runOnlyForDeploymentPostprocessing = 0;
		};
		4C1726BF1A46D5670011CD0A /* Sources */ = {
			isa = PBXSourcesBuildPhase;
			buildActionMask = 2147483647;
			files = (
				4C1726CA1A46D5670011CD0A /* swiftsnippetsTests.swift in Sources */,
			);
			runOnlyForDeploymentPostprocessing = 0;
		};
/* End PBXSourcesBuildPhase section */

/* Begin PBXTargetDependency section */
		4C1726C51A46D5670011CD0A /* PBXTargetDependency */ = {
			isa = PBXTargetDependency;
			target = 4C1726AD1A46D5660011CD0A /* swiftsnippets */;
			targetProxy = 4C1726C41A46D5670011CD0A /* PBXContainerItemProxy */;
		};
/* End PBXTargetDependency section */

/* Begin PBXVariantGroup section */
		4C1726B71A46D5670011CD0A /* Main.storyboard */ = {
			isa = PBXVariantGroup;
			children = (
				4C1726B81A46D5670011CD0A /* Base */,
			);
			name = Main.storyboard;
			sourceTree = "<group>";
		};
		4C1726BC1A46D5670011CD0A /* LaunchScreen.xib */ = {
			isa = PBXVariantGroup;
			children = (
				4C1726BD1A46D5670011CD0A /* Base */,
			);
			name = LaunchScreen.xib;
			sourceTree = "<group>";
		};
/* End PBXVariantGroup section */

/* Begin XCBuildConfiguration section */
		4C1726CB1A46D5670011CD0A /* Debug */ = {
			isa = XCBuildConfiguration;
			buildSettings = {
				ALWAYS_SEARCH_USER_PATHS = NO;
				CLANG_CXX_LANGUAGE_STANDARD = "gnu++0x";
				CLANG_CXX_LIBRARY = "libc++";
				CLANG_ENABLE_MODULES = YES;
				CLANG_ENABLE_OBJC_ARC = YES;
				CLANG_WARN_BOOL_CONVERSION = YES;
				CLANG_WARN_CONSTANT_CONVERSION = YES;
				CLANG_WARN_DIRECT_OBJC_ISA_USAGE = YES_ERROR;
				CLANG_WARN_EMPTY_BODY = YES;
				CLANG_WARN_ENUM_CONVERSION = YES;
				CLANG_WARN_INT_CONVERSION = YES;
				CLANG_WARN_OBJC_ROOT_CLASS = YES_ERROR;
				CLANG_WARN_UNREACHABLE_CODE = YES;
				CLANG_WARN__DUPLICATE_METHOD_MATCH = YES;
				"CODE_SIGN_IDENTITY[sdk=iphoneos*]" = "iPhone Developer";
				COPY_PHASE_STRIP = NO;
				ENABLE_STRICT_OBJC_MSGSEND = YES;
				GCC_C_LANGUAGE_STANDARD = gnu99;
				GCC_DYNAMIC_NO_PIC = NO;
				GCC_OPTIMIZATION_LEVEL = 0;
				GCC_PREPROCESSOR_DEFINITIONS = (
					"DEBUG=1",
					"$(inherited)",
				);
				GCC_SYMBOLS_PRIVATE_EXTERN = NO;
				GCC_WARN_64_TO_32_BIT_CONVERSION = YES;
				GCC_WARN_ABOUT_RETURN_TYPE = YES_ERROR;
				GCC_WARN_UNDECLARED_SELECTOR = YES;
				GCC_WARN_UNINITIALIZED_AUTOS = YES_AGGRESSIVE;
				GCC_WARN_UNUSED_FUNCTION = YES;
				GCC_WARN_UNUSED_VARIABLE = YES;
				IPHONEOS_DEPLOYMENT_TARGET = 8.1;
				MTL_ENABLE_DEBUG_INFO = YES;
				ONLY_ACTIVE_ARCH = YES;
				SDKROOT = iphoneos;
				SWIFT_OPTIMIZATION_LEVEL = "-Onone";
			};
			name = Debug;
		};
		4C1726CC1A46D5670011CD0A /* Release */ = {
			isa = XCBuildConfiguration;
			buildSettings = {
				ALWAYS_SEARCH_USER_PATHS = NO;
				CLANG_CXX_LANGUAGE_STANDARD = "gnu++0x";
				CLANG_CXX_LIBRARY = "libc++";
				CLANG_ENABLE_MODULES = YES;
				CLANG_ENABLE_OBJC_ARC = YES;
				CLANG_WARN_BOOL_CONVERSION = YES;
				CLANG_WARN_CONSTANT_CONVERSION = YES;
				CLANG_WARN_DIRECT_OBJC_ISA_USAGE = YES_ERROR;
				CLANG_WARN_EMPTY_BODY = YES;
				CLANG_WARN_ENUM_CONVERSION = YES;
				CLANG_WARN_INT_CONVERSION = YES;
				CLANG_WARN_OBJC_ROOT_CLASS = YES_ERROR;
				CLANG_WARN_UNREACHABLE_CODE = YES;
				CLANG_WARN__DUPLICATE_METHOD_MATCH = YES;
				"CODE_SIGN_IDENTITY[sdk=iphoneos*]" = "iPhone Developer";
				COPY_PHASE_STRIP = YES;
				ENABLE_NS_ASSERTIONS = NO;
				ENABLE_STRICT_OBJC_MSGSEND = YES;
				GCC_C_LANGUAGE_STANDARD = gnu99;
				GCC_WARN_64_TO_32_BIT_CONVERSION = YES;
				GCC_WARN_ABOUT_RETURN_TYPE = YES_ERROR;
				GCC_WARN_UNDECLARED_SELECTOR = YES;
				GCC_WARN_UNINITIALIZED_AUTOS = YES_AGGRESSIVE;
				GCC_WARN_UNUSED_FUNCTION = YES;
				GCC_WARN_UNUSED_VARIABLE = YES;
				IPHONEOS_DEPLOYMENT_TARGET = 8.1;
				MTL_ENABLE_DEBUG_INFO = NO;
				SDKROOT = iphoneos;
				VALIDATE_PRODUCT = YES;
			};
			name = Release;
		};
		4C1726CE1A46D5670011CD0A /* Debug */ = {
			isa = XCBuildConfiguration;
			buildSettings = {
				ASSETCATALOG_COMPILER_APPICON_NAME = AppIcon;
				INFOPLIST_FILE = swiftsnippets/Info.plist;
				LD_RUNPATH_SEARCH_PATHS = "$(inherited) @executable_path/Frameworks";
				PRODUCT_NAME = "$(TARGET_NAME)";
			};
			name = Debug;
		};
		4C1726CF1A46D5670011CD0A /* Release */ = {
			isa = XCBuildConfiguration;
			buildSettings = {
				ASSETCATALOG_COMPILER_APPICON_NAME = AppIcon;
				INFOPLIST_FILE = swiftsnippets/Info.plist;
				LD_RUNPATH_SEARCH_PATHS = "$(inherited) @executable_path/Frameworks";
				PRODUCT_NAME = "$(TARGET_NAME)";
			};
			name = Release;
		};
		4C1726D11A46D5670011CD0A /* Debug */ = {
			isa = XCBuildConfiguration;
			buildSettings = {
				BUNDLE_LOADER = "$(TEST_HOST)";
				FRAMEWORK_SEARCH_PATHS = (
					"$(SDKROOT)/Developer/Library/Frameworks",
					"$(inherited)",
				);
				GCC_PREPROCESSOR_DEFINITIONS = (
					"DEBUG=1",
					"$(inherited)",
				);
				INFOPLIST_FILE = swiftsnippetsTests/Info.plist;
				LD_RUNPATH_SEARCH_PATHS = "$(inherited) @executable_path/Frameworks @loader_path/Frameworks";
				PRODUCT_NAME = "$(TARGET_NAME)";
				TEST_HOST = "$(BUILT_PRODUCTS_DIR)/swiftsnippets.app/swiftsnippets";
			};
			name = Debug;
		};
		4C1726D21A46D5670011CD0A /* Release */ = {
			isa = XCBuildConfiguration;
			buildSettings = {
				BUNDLE_LOADER = "$(TEST_HOST)";
				FRAMEWORK_SEARCH_PATHS = (
					"$(SDKROOT)/Developer/Library/Frameworks",
					"$(inherited)",
				);
				INFOPLIST_FILE = swiftsnippetsTests/Info.plist;
				LD_RUNPATH_SEARCH_PATHS = "$(inherited) @executable_path/Frameworks @loader_path/Frameworks";
				PRODUCT_NAME = "$(TARGET_NAME)";
				TEST_HOST = "$(BUILT_PRODUCTS_DIR)/swiftsnippets.app/swiftsnippets";
			};
			name = Release;
		};
/* End XCBuildConfiguration section */

/* Begin XCConfigurationList section */
		4C1726A91A46D5660011CD0A /* Build configuration list for PBXProject "swiftsnippets" */ = {
			isa = XCConfigurationList;
			buildConfigurations = (
				4C1726CB1A46D5670011CD0A /* Debug */,
				4C1726CC1A46D5670011CD0A /* Release */,
			);
			defaultConfigurationIsVisible = 0;
			defaultConfigurationName = Release;
		};
		4C1726CD1A46D5670011CD0A /* Build configuration list for PBXNativeTarget "swiftsnippets" */ = {
			isa = XCConfigurationList;
			buildConfigurations = (
				4C1726CE1A46D5670011CD0A /* Debug */,
				4C1726CF1A46D5670011CD0A /* Release */,
			);
			defaultConfigurationIsVisible = 0;
			defaultConfigurationName = Release;
		};
		4C1726D01A46D5670011CD0A /* Build configuration list for PBXNativeTarget "swiftsnippetsTests" */ = {
			isa = XCConfigurationList;
			buildConfigurations = (
				4C1726D11A46D5670011CD0A /* Debug */,
				4C1726D21A46D5670011CD0A /* Release */,
			);
			defaultConfigurationIsVisible = 0;
			defaultConfigurationName = Release;
		};
/* End XCConfigurationList section */
	};
	rootObject = 4C1726A61A46D5660011CD0A /* Project object */;
}
